
Microsoft Visual Studio Solution File, Format Version 12.00
# Visual Studio Version 16
VisualStudioVersion = 16.0.30204.135
MinimumVisualStudioVersion = 10.0.40219.1
Project("{FAE04EC0-301F-11D3-BF4B-00C04F79EFBC}") = "ConsoleApp", "ConsoleApp\ConsoleApp.csproj", "{26CE83B5-2B69-4F4D-AE34-1C09003FD2BC}"
EndProject
Global
	GlobalSection(SolutionConfigurationPlatforms) = preSolution
		Debug|Any CPU = Debug|Any CPU
		Release|Any CPU = Release|Any CPU
	EndGlobalSection
	GlobalSection(ProjectConfigurationPlatforms) = postSolution
		{26CE83B5-2B69-4F4D-AE34-1C09003FD2BC}.Debug|Any CPU.ActiveCfg = Debug|Any CPU
		{26CE83B5-2B69-4F4D-AE34-1C09003FD2BC}.Debug|Any CPU.Build.0 = Debug|Any CPU
		{26CE83B5-2B69-4F4D-AE34-1C09003FD2BC}.Release|Any CPU.ActiveCfg = Release|Any CPU
		{26CE83B5-2B69-4F4D-AE34-1C09003FD2BC}.Release|Any CPU.Build.0 = Release|Any CPU
	EndGlobalSection
	GlobalSection(SolutionProperties) = preSolution
		HideSolutionNode = FALSE
	EndGlobalSection
	GlobalSection(ExtensibilityGlobals) = postSolution
		SolutionGuid = {3ECBD660-0C02-42A9-B750-03D0C03AA356}
	EndGlobalSection
EndGlobal
